{
  "name": "callflow-ai",
  "lockfileVersion": 3,
  "requires": true,
  "packages": {
    "": {
      "name": "callflow-ai",
      "workspaces": [
        "backend-api",
        "voice-service",
        "dashboard"
      ]
    },
    "backend-api": {
      "version": "1.0.0",
      "license": "ISC"
    },
    "dashboard": {
      "version": "1.0.0",
      "license": "ISC"
    },
    "node_modules/backend-api": {
      "resolved": "backend-api",
      "link": true
    },
    "node_modules/dashboard": {
      "resolved": "dashboard",
      "link": true
    },
    "node_modules/voice-service": {
      "resolved": "voice-service",
      "link": true
    },
    "voice-service": {
      "version": "1.0.0",
      "license": "ISC"
    }
  }
}
